
Microsoft Visual Studio Solution File, Format Version 12.00
# Visual Studio Version 17
VisualStudioVersion = 17.0.31903.59
MinimumVisualStudioVersion = 10.0.40219.1
Project("{2150E333-8FDC-42A3-9474-1A3956D46DE8}") = "tests", "tests", "{BDBE09CB-B57C-4C07-8328-D42F1D2E09FB}"
EndProject
Project("{FAE04EC0-301F-11D3-BF4B-00C04F79EFBC}") = "TemplarCMS.Integration.Tests", "tests\TemplarCMS.Integration.Tests\TemplarCMS.Integration.Tests.csproj", "{557A0BBA-95D1-4F5C-A697-838ABE459442}"
EndProject
Project("{FAE04EC0-301F-11D3-BF4B-00C04F79EFBC}") = "TemplarCMS.Domain.Tests", "tests\TemplarCMS.Domain.Tests\TemplarCMS.Domain.Tests.csproj", "{835A655E-63C9-4920-B412-08ECBDF914F9}"
EndProject
Project("{FAE04EC0-301F-11D3-BF4B-00C04F79EFBC}") = "TemplarCMS.ContentModeling.Tests", "tests\TemplarCMS.ContentModeling.Tests\TemplarCMS.ContentModeling.Tests.csproj", "{10D41E30-744E-40E1-8D94-BA7A9B4D819B}"
EndProject
Project("{FAE04EC0-301F-11D3-BF4B-00C04F79EFBC}") = "TemplarCMS.Application.Tests", "tests\TemplarCMS.Application.Tests\TemplarCMS.Application.Tests.csproj", "{A15C0BF0-1D6A-4377-BF5B-513806B933B9}"
EndProject
Project("{FAE04EC0-301F-11D3-BF4B-00C04F79EFBC}") = "TemplarCMS.Api.Tests", "tests\TemplarCMS.Api.Tests\TemplarCMS.Api.Tests.csproj", "{CD28306D-8172-4CD0-BEEA-F9DCFAF528B7}"
EndProject
Project("{2150E333-8FDC-42A3-9474-1A3956D46DE8}") = "src", "src", "{65067EA3-1B3F-4FE6-B7B8-EC2F27B073DE}"
EndProject
Project("{FAE04EC0-301F-11D3-BF4B-00C04F79EFBC}") = "TemplarCMS.Persistence", "src\TemplarCMS.Persistence\TemplarCMS.Persistence.csproj", "{54A9DEB9-36EE-4E26-B617-981E262FAA0D}"
EndProject
Project("{FAE04EC0-301F-11D3-BF4B-00C04F79EFBC}") = "TemplarCMS.Abstractions", "src\TemplarCMS.Abstractions\TemplarCMS.Abstractions.csproj", "{047D2D20-0619-4CF4-8E5D-B560D0C2EEF3}"
EndProject
Project("{FAE04EC0-301F-11D3-BF4B-00C04F79EFBC}") = "TemplarCMS.Api", "src\TemplarCMS.Api\TemplarCMS.Api.csproj", "{455A4DA6-1CD4-434D-BB9F-D9EA634D4FE3}"
EndProject
Project("{FAE04EC0-301F-11D3-BF4B-00C04F79EFBC}") = "TemplarCMS.Domain", "src\TemplarCMS.Domain\TemplarCMS.Domain.csproj", "{C54464C5-02F3-46AF-815B-9DA45BE0FF92}"
EndProject
Project("{FAE04EC0-301F-11D3-BF4B-00C04F79EFBC}") = "TemplarCMS.Application", "src\TemplarCMS.Application\TemplarCMS.Application.csproj", "{D8EB5665-ED69-4384-BFCA-BD3A945238B0}"
EndProject
Project("{2150E333-8FDC-42A3-9474-1A3956D46DE8}") = "TemplarCMS.Admin", "TemplarCMS.Admin", "{F4E48641-A08D-474B-9DE0-76CA10462743}"
EndProject
Project("{FAE04EC0-301F-11D3-BF4B-00C04F79EFBC}") = "TemplarCMS.Admin.Server", "src\TemplarCMS.Admin\TemplarCMS.Admin.Server\TemplarCMS.Admin.Server.csproj", "{905763D0-B0FE-4BA8-BA49-BF5CA109F451}"
EndProject
Project("{FAE04EC0-301F-11D3-BF4B-00C04F79EFBC}") = "TemplarCMS.ContentModeling", "src\TemplarCMS.ContentModeling\TemplarCMS.ContentModeling.csproj", "{D2F41B6E-5294-4F99-B399-4073FADA5A1B}"
EndProject
Global
	GlobalSection(SolutionConfigurationPlatforms) = preSolution
		Debug|Any CPU = Debug|Any CPU
		Release|Any CPU = Release|Any CPU
	EndGlobalSection
	GlobalSection(SolutionProperties) = preSolution
		HideSolutionNode = FALSE
	EndGlobalSection
	GlobalSection(ProjectConfigurationPlatforms) = postSolution
		{557A0BBA-95D1-4F5C-A697-838ABE459442}.Debug|Any CPU.ActiveCfg = Debug|Any CPU
		{557A0BBA-95D1-4F5C-A697-838ABE459442}.Debug|Any CPU.Build.0 = Debug|Any CPU
		{557A0BBA-95D1-4F5C-A697-838ABE459442}.Release|Any CPU.ActiveCfg = Release|Any CPU
		{557A0BBA-95D1-4F5C-A697-838ABE459442}.Release|Any CPU.Build.0 = Release|Any CPU
		{835A655E-63C9-4920-B412-08ECBDF914F9}.Debug|Any CPU.ActiveCfg = Debug|Any CPU
		{835A655E-63C9-4920-B412-08ECBDF914F9}.Debug|Any CPU.Build.0 = Debug|Any CPU
		{835A655E-63C9-4920-B412-08ECBDF914F9}.Release|Any CPU.ActiveCfg = Release|Any CPU
		{835A655E-63C9-4920-B412-08ECBDF914F9}.Release|Any CPU.Build.0 = Release|Any CPU
		{10D41E30-744E-40E1-8D94-BA7A9B4D819B}.Debug|Any CPU.ActiveCfg = Debug|Any CPU
		{10D41E30-744E-40E1-8D94-BA7A9B4D819B}.Debug|Any CPU.Build.0 = Debug|Any CPU
		{10D41E30-744E-40E1-8D94-BA7A9B4D819B}.Release|Any CPU.ActiveCfg = Release|Any CPU
		{10D41E30-744E-40E1-8D94-BA7A9B4D819B}.Release|Any CPU.Build.0 = Release|Any CPU
		{A15C0BF0-1D6A-4377-BF5B-513806B933B9}.Debug|Any CPU.ActiveCfg = Debug|Any CPU
		{A15C0BF0-1D6A-4377-BF5B-513806B933B9}.Debug|Any CPU.Build.0 = Debug|Any CPU
		{A15C0BF0-1D6A-4377-BF5B-513806B933B9}.Release|Any CPU.ActiveCfg = Release|Any CPU
		{A15C0BF0-1D6A-4377-BF5B-513806B933B9}.Release|Any CPU.Build.0 = Release|Any CPU
		{CD28306D-8172-4CD0-BEEA-F9DCFAF528B7}.Debug|Any CPU.ActiveCfg = Debug|Any CPU
		{CD28306D-8172-4CD0-BEEA-F9DCFAF528B7}.Debug|Any CPU.Build.0 = Debug|Any CPU
		{CD28306D-8172-4CD0-BEEA-F9DCFAF528B7}.Release|Any CPU.ActiveCfg = Release|Any CPU
		{CD28306D-8172-4CD0-BEEA-F9DCFAF528B7}.Release|Any CPU.Build.0 = Release|Any CPU
		{54A9DEB9-36EE-4E26-B617-981E262FAA0D}.Debug|Any CPU.ActiveCfg = Debug|Any CPU
		{54A9DEB9-36EE-4E26-B617-981E262FAA0D}.Debug|Any CPU.Build.0 = Debug|Any CPU
		{54A9DEB9-36EE-4E26-B617-981E262FAA0D}.Release|Any CPU.ActiveCfg = Release|Any CPU
		{54A9DEB9-36EE-4E26-B617-981E262FAA0D}.Release|Any CPU.Build.0 = Release|Any CPU
		{047D2D20-0619-4CF4-8E5D-B560D0C2EEF3}.Debug|Any CPU.ActiveCfg = Debug|Any CPU
		{047D2D20-0619-4CF4-8E5D-B560D0C2EEF3}.Debug|Any CPU.Build.0 = Debug|Any CPU
		{047D2D20-0619-4CF4-8E5D-B560D0C2EEF3}.Release|Any CPU.ActiveCfg = Release|Any CPU
		{047D2D20-0619-4CF4-8E5D-B560D0C2EEF3}.Release|Any CPU.Build.0 = Release|Any CPU
		{455A4DA6-1CD4-434D-BB9F-D9EA634D4FE3}.Debug|Any CPU.ActiveCfg = Debug|Any CPU
		{455A4DA6-1CD4-434D-BB9F-D9EA634D4FE3}.Debug|Any CPU.Build.0 = Debug|Any CPU
		{455A4DA6-1CD4-434D-BB9F-D9EA634D4FE3}.Release|Any CPU.ActiveCfg = Release|Any CPU
		{455A4DA6-1CD4-434D-BB9F-D9EA634D4FE3}.Release|Any CPU.Build.0 = Release|Any CPU
		{C54464C5-02F3-46AF-815B-9DA45BE0FF92}.Debug|Any CPU.ActiveCfg = Debug|Any CPU
		{C54464C5-02F3-46AF-815B-9DA45BE0FF92}.Debug|Any CPU.Build.0 = Debug|Any CPU
		{C54464C5-02F3-46AF-815B-9DA45BE0FF92}.Release|Any CPU.ActiveCfg = Release|Any CPU
		{C54464C5-02F3-46AF-815B-9DA45BE0FF92}.Release|Any CPU.Build.0 = Release|Any CPU
		{D8EB5665-ED69-4384-BFCA-BD3A945238B0}.Debug|Any CPU.ActiveCfg = Debug|Any CPU
		{D8EB5665-ED69-4384-BFCA-BD3A945238B0}.Debug|Any CPU.Build.0 = Debug|Any CPU
		{D8EB5665-ED69-4384-BFCA-BD3A945238B0}.Release|Any CPU.ActiveCfg = Release|Any CPU
		{D8EB5665-ED69-4384-BFCA-BD3A945238B0}.Release|Any CPU.Build.0 = Release|Any CPU
		{905763D0-B0FE-4BA8-BA49-BF5CA109F451}.Debug|Any CPU.ActiveCfg = Debug|Any CPU
		{905763D0-B0FE-4BA8-BA49-BF5CA109F451}.Debug|Any CPU.Build.0 = Debug|Any CPU
		{905763D0-B0FE-4BA8-BA49-BF5CA109F451}.Release|Any CPU.ActiveCfg = Release|Any CPU
		{905763D0-B0FE-4BA8-BA49-BF5CA109F451}.Release|Any CPU.Build.0 = Release|Any CPU
		{D2F41B6E-5294-4F99-B399-4073FADA5A1B}.Debug|Any CPU.ActiveCfg = Debug|Any CPU
		{D2F41B6E-5294-4F99-B399-4073FADA5A1B}.Debug|Any CPU.Build.0 = Debug|Any CPU
		{D2F41B6E-5294-4F99-B399-4073FADA5A1B}.Release|Any CPU.ActiveCfg = Release|Any CPU
		{D2F41B6E-5294-4F99-B399-4073FADA5A1B}.Release|Any CPU.Build.0 = Release|Any CPU
	EndGlobalSection
	GlobalSection(NestedProjects) = preSolution
		{557A0BBA-95D1-4F5C-A697-838ABE459442} = {BDBE09CB-B57C-4C07-8328-D42F1D2E09FB}
		{835A655E-63C9-4920-B412-08ECBDF914F9} = {BDBE09CB-B57C-4C07-8328-D42F1D2E09FB}
		{10D41E30-744E-40E1-8D94-BA7A9B4D819B} = {BDBE09CB-B57C-4C07-8328-D42F1D2E09FB}
		{A15C0BF0-1D6A-4377-BF5B-513806B933B9} = {BDBE09CB-B57C-4C07-8328-D42F1D2E09FB}
		{CD28306D-8172-4CD0-BEEA-F9DCFAF528B7} = {BDBE09CB-B57C-4C07-8328-D42F1D2E09FB}
		{54A9DEB9-36EE-4E26-B617-981E262FAA0D} = {65067EA3-1B3F-4FE6-B7B8-EC2F27B073DE}
		{047D2D20-0619-4CF4-8E5D-B560D0C2EEF3} = {65067EA3-1B3F-4FE6-B7B8-EC2F27B073DE}
		{455A4DA6-1CD4-434D-BB9F-D9EA634D4FE3} = {65067EA3-1B3F-4FE6-B7B8-EC2F27B073DE}
		{C54464C5-02F3-46AF-815B-9DA45BE0FF92} = {65067EA3-1B3F-4FE6-B7B8-EC2F27B073DE}
		{D8EB5665-ED69-4384-BFCA-BD3A945238B0} = {65067EA3-1B3F-4FE6-B7B8-EC2F27B073DE}
		{F4E48641-A08D-474B-9DE0-76CA10462743} = {65067EA3-1B3F-4FE6-B7B8-EC2F27B073DE}
		{905763D0-B0FE-4BA8-BA49-BF5CA109F451} = {F4E48641-A08D-474B-9DE0-76CA10462743}
		{D2F41B6E-5294-4F99-B399-4073FADA5A1B} = {65067EA3-1B3F-4FE6-B7B8-EC2F27B073DE}
	EndGlobalSection
EndGlobal
